
Microsoft Visual Studio Solution File, Format Version 12.00
Project("{FAE04EC0-301F-11D3-BF4B-00C04F79EFBC}") = "RiderTestFailures", "RiderTestFailures\RiderTestFailures.csproj", "{EA6D0629-6124-4D51-9C64-D526CB285876}"
EndProject
Project("{FAE04EC0-301F-11D3-BF4B-00C04F79EFBC}") = "Tests", "Tests\Tests.csproj", "{00567FF3-6906-4494-A0BA-2D9BABC8513D}"
EndProject
Global
	GlobalSection(SolutionConfigurationPlatforms) = preSolution
		Debug|Any CPU = Debug|Any CPU
		Release|Any CPU = Release|Any CPU
	EndGlobalSection
	GlobalSection(ProjectConfigurationPlatforms) = postSolution
		{EA6D0629-6124-4D51-9C64-D526CB285876}.Debug|Any CPU.ActiveCfg = Debug|Any CPU
		{EA6D0629-6124-4D51-9C64-D526CB285876}.Debug|Any CPU.Build.0 = Debug|Any CPU
		{EA6D0629-6124-4D51-9C64-D526CB285876}.Release|Any CPU.ActiveCfg = Release|Any CPU
		{EA6D0629-6124-4D51-9C64-D526CB285876}.Release|Any CPU.Build.0 = Release|Any CPU
		{00567FF3-6906-4494-A0BA-2D9BABC8513D}.Debug|Any CPU.ActiveCfg = Debug|Any CPU
		{00567FF3-6906-4494-A0BA-2D9BABC8513D}.Debug|Any CPU.Build.0 = Debug|Any CPU
		{00567FF3-6906-4494-A0BA-2D9BABC8513D}.Release|Any CPU.ActiveCfg = Release|Any CPU
		{00567FF3-6906-4494-A0BA-2D9BABC8513D}.Release|Any CPU.Build.0 = Release|Any CPU
	EndGlobalSection
EndGlobal
